
Microsoft Visual Studio Solution File, Format Version 12.00
# Visual Studio Version 16
VisualStudioVersion = 16.0.31205.134
MinimumVisualStudioVersion = 10.0.40219.1
Project("{FAE04EC0-301F-11D3-BF4B-00C04F79EFBC}") = "wsEmailCorp", "wsEmailCorp.csproj", "{52E92F84-C07B-4458-BFE8-902C185CB2AA}"
EndProject
Global
	GlobalSection(SolutionConfigurationPlatforms) = preSolution
		Debug|Any CPU = Debug|Any CPU
		Release|Any CPU = Release|Any CPU
	EndGlobalSection
	GlobalSection(ProjectConfigurationPlatforms) = postSolution
		{52E92F84-C07B-4458-BFE8-902C185CB2AA}.Debug|Any CPU.ActiveCfg = Debug|Any CPU
		{52E92F84-C07B-4458-BFE8-902C185CB2AA}.Debug|Any CPU.Build.0 = Debug|Any CPU
		{52E92F84-C07B-4458-BFE8-902C185CB2AA}.Release|Any CPU.ActiveCfg = Release|Any CPU
		{52E92F84-C07B-4458-BFE8-902C185CB2AA}.Release|Any CPU.Build.0 = Release|Any CPU
	EndGlobalSection
	GlobalSection(SolutionProperties) = preSolution
		HideSolutionNode = FALSE
	EndGlobalSection
	GlobalSection(ExtensibilityGlobals) = postSolution
		SolutionGuid = {155E83B3-19BA-4BD8-8F8B-D069B68D0A80}
	EndGlobalSection
EndGlobal
